
Microsoft Visual Studio Solution File, Format Version 12.00
# Visual Studio 15
VisualStudioVersion = 15.0.28307.1622
MinimumVisualStudioVersion = 10.0.40219.1
Project("{FAE04EC0-301F-11D3-BF4B-00C04F79EFBC}") = "Al_Shop", "Al_Shop\Al_Shop.csproj", "{64F6A51A-D336-4615-8BC3-8B1C6B4717C2}"
EndProject
Global
	GlobalSection(SolutionConfigurationPlatforms) = preSolution
		Debug|Any CPU = Debug|Any CPU
		Release|Any CPU = Release|Any CPU
	EndGlobalSection
	GlobalSection(ProjectConfigurationPlatforms) = postSolution
		{64F6A51A-D336-4615-8BC3-8B1C6B4717C2}.Debug|Any CPU.ActiveCfg = Debug|Any CPU
		{64F6A51A-D336-4615-8BC3-8B1C6B4717C2}.Debug|Any CPU.Build.0 = Debug|Any CPU
		{64F6A51A-D336-4615-8BC3-8B1C6B4717C2}.Release|Any CPU.ActiveCfg = Release|Any CPU
		{64F6A51A-D336-4615-8BC3-8B1C6B4717C2}.Release|Any CPU.Build.0 = Release|Any CPU
	EndGlobalSection
	GlobalSection(SolutionProperties) = preSolution
		HideSolutionNode = FALSE
	EndGlobalSection
	GlobalSection(ExtensibilityGlobals) = postSolution
		SolutionGuid = {1FC838ED-90DA-4151-8DAA-CC5CA50F8C01}
	EndGlobalSection
EndGlobal
